
Microsoft Visual Studio Solution File, Format Version 12.00
# Visual Studio 15
VisualStudioVersion = 15.0.26430.16
MinimumVisualStudioVersion = 10.0.40219.1
Project("{FAE04EC0-301F-11D3-BF4B-00C04F79EFBC}") = "KunaApi", "KunaApi\KunaApi.csproj", "{1EB098FE-B183-4F38-B148-B863563AF18D}"
EndProject
Project("{FAE04EC0-301F-11D3-BF4B-00C04F79EFBC}") = "KunaApi.Core", "KunaApi.Core\KunaApi.Core.csproj", "{FEC63B6B-1FEF-4A6B-BB68-A8900F4E3F39}"
EndProject
Project("{FAE04EC0-301F-11D3-BF4B-00C04F79EFBC}") = "KunaApi.Core.Demo", "KunaApi.Core.Demo\KunaApi.Core.Demo.csproj", "{767196AD-F546-4C2B-A331-4EA7C3199FFD}"
EndProject
Global
	GlobalSection(SolutionConfigurationPlatforms) = preSolution
		Debug|Any CPU = Debug|Any CPU
		Release|Any CPU = Release|Any CPU
	EndGlobalSection
	GlobalSection(ProjectConfigurationPlatforms) = postSolution
		{1EB098FE-B183-4F38-B148-B863563AF18D}.Debug|Any CPU.ActiveCfg = Debug|Any CPU
		{1EB098FE-B183-4F38-B148-B863563AF18D}.Debug|Any CPU.Build.0 = Debug|Any CPU
		{1EB098FE-B183-4F38-B148-B863563AF18D}.Release|Any CPU.ActiveCfg = Release|Any CPU
		{1EB098FE-B183-4F38-B148-B863563AF18D}.Release|Any CPU.Build.0 = Release|Any CPU
		{FEC63B6B-1FEF-4A6B-BB68-A8900F4E3F39}.Debug|Any CPU.ActiveCfg = Debug|Any CPU
		{FEC63B6B-1FEF-4A6B-BB68-A8900F4E3F39}.Debug|Any CPU.Build.0 = Debug|Any CPU
		{FEC63B6B-1FEF-4A6B-BB68-A8900F4E3F39}.Release|Any CPU.ActiveCfg = Release|Any CPU
		{FEC63B6B-1FEF-4A6B-BB68-A8900F4E3F39}.Release|Any CPU.Build.0 = Release|Any CPU
		{767196AD-F546-4C2B-A331-4EA7C3199FFD}.Debug|Any CPU.ActiveCfg = Debug|Any CPU
		{767196AD-F546-4C2B-A331-4EA7C3199FFD}.Debug|Any CPU.Build.0 = Debug|Any CPU
		{767196AD-F546-4C2B-A331-4EA7C3199FFD}.Release|Any CPU.ActiveCfg = Release|Any CPU
		{767196AD-F546-4C2B-A331-4EA7C3199FFD}.Release|Any CPU.Build.0 = Release|Any CPU
	EndGlobalSection
	GlobalSection(SolutionProperties) = preSolution
		HideSolutionNode = FALSE
	EndGlobalSection
	GlobalSection(ExtensibilityGlobals) = postSolution
		SolutionGuid = {65D0CFB2-9F69-4BE4-B481-FF9B6BD460BD}
	EndGlobalSection
EndGlobal
